// !$*UTF8*$!
{
	archiveVersion = 1;
	classes = {
	};
	objectVersion = 56;
	objects = {

/* Begin PBXBuildFile section */
		5701C62C2A82B56100EEBBB9 /* FavsUiView.swift in Sources */ = {isa = PBXBuildFile; fileRef = 5701C62B2A82B56100EEBBB9 /* FavsUiView.swift */; };
		5701C62E2A836F4500EEBBB9 /* EmptyFavsUiView.swift in Sources */ = {isa = PBXBuildFile; fileRef = 5701C62D2A836F4500EEBBB9 /* EmptyFavsUiView.swift */; };
		5701C6312A8373C500EEBBB9 /* RunUIView.swift in Sources */ = {isa = PBXBuildFile; fileRef = 5701C6302A8373C500EEBBB9 /* RunUIView.swift */; };
		570D6A312A80D28F00BCBBC9 /* TipsRepositoryImpl.swift in Sources */ = {isa = PBXBuildFile; fileRef = 570D6A302A80D28F00BCBBC9 /* TipsRepositoryImpl.swift */; };
		570D6A342A80D37900BCBBC9 /* TipsUIItem.swift in Sources */ = {isa = PBXBuildFile; fileRef = 570D6A332A80D37800BCBBC9 /* TipsUIItem.swift */; };
		5711E2472A7E341300F8007A /* TipsViewModel.swift in Sources */ = {isa = PBXBuildFile; fileRef = 5711E2462A7E341300F8007A /* TipsViewModel.swift */; };
		5711E2492A7E34A300F8007A /* TipsModel.swift in Sources */ = {isa = PBXBuildFile; fileRef = 5711E2482A7E34A300F8007A /* TipsModel.swift */; };
		5711E24B2A7E36A600F8007A /* GoogleService-Info.plist in Resources */ = {isa = PBXBuildFile; fileRef = 5711E24A2A7E36A600F8007A /* GoogleService-Info.plist */; };
		5711E24E2A7E37AC00F8007A /* FirebaseAnalytics in Frameworks */ = {isa = PBXBuildFile; productRef = 5711E24D2A7E37AC00F8007A /* FirebaseAnalytics */; };
		5711E2502A7E37AC00F8007A /* FirebaseAnalyticsSwift in Frameworks */ = {isa = PBXBuildFile; productRef = 5711E24F2A7E37AC00F8007A /* FirebaseAnalyticsSwift */; };
		5711E2522A7E37AC00F8007A /* FirebaseCrashlytics in Frameworks */ = {isa = PBXBuildFile; productRef = 5711E2512A7E37AC00F8007A /* FirebaseCrashlytics */; };
		5711E2542A7E37AC00F8007A /* FirebaseDatabase in Frameworks */ = {isa = PBXBuildFile; productRef = 5711E2532A7E37AC00F8007A /* FirebaseDatabase */; };
		5711E2562A7E37AC00F8007A /* FirebaseDatabaseSwift in Frameworks */ = {isa = PBXBuildFile; productRef = 5711E2552A7E37AC00F8007A /* FirebaseDatabaseSwift */; };
		5711E2582A7E37AC00F8007A /* FirebaseFirestore in Frameworks */ = {isa = PBXBuildFile; productRef = 5711E2572A7E37AC00F8007A /* FirebaseFirestore */; };
		5711E25A2A7E37AC00F8007A /* FirebaseFirestoreCombine-Community in Frameworks */ = {isa = PBXBuildFile; productRef = 5711E2592A7E37AC00F8007A /* FirebaseFirestoreCombine-Community */; };
		5711E25C2A7E37AC00F8007A /* FirebaseFirestoreSwift in Frameworks */ = {isa = PBXBuildFile; productRef = 5711E25B2A7E37AC00F8007A /* FirebaseFirestoreSwift */; };
		5711E25E2A7E37AC00F8007A /* FirebaseStorage in Frameworks */ = {isa = PBXBuildFile; productRef = 5711E25D2A7E37AC00F8007A /* FirebaseStorage */; };
		5711E2602A7E37AC00F8007A /* FirebaseStorageCombine-Community in Frameworks */ = {isa = PBXBuildFile; productRef = 5711E25F2A7E37AC00F8007A /* FirebaseStorageCombine-Community */; };
		5711E2622A7E3A9400F8007A /* GetTipsInteractor.swift in Sources */ = {isa = PBXBuildFile; fileRef = 5711E2612A7E3A9400F8007A /* GetTipsInteractor.swift */; };
		5711E2652A7E3C8900F8007A /* ApiService.swift in Sources */ = {isa = PBXBuildFile; fileRef = 5711E2642A7E3C8900F8007A /* ApiService.swift */; };
		5711E2672A7E3C9F00F8007A /* TipsRepository.swift in Sources */ = {isa = PBXBuildFile; fileRef = 5711E2662A7E3C9F00F8007A /* TipsRepository.swift */; };
		5711E2692A7E3DCC00F8007A /* TipsService.swift in Sources */ = {isa = PBXBuildFile; fileRef = 5711E2682A7E3DCC00F8007A /* TipsService.swift */; };
		5711E26B2A7E4C0700F8007A /* Result.swift in Sources */ = {isa = PBXBuildFile; fileRef = 5711E26A2A7E4C0700F8007A /* Result.swift */; };
		5711E26D2A7E66BF00F8007A /* SingleSouceOfTruthStrategy.swift in Sources */ = {isa = PBXBuildFile; fileRef = 5711E26C2A7E66BF00F8007A /* SingleSouceOfTruthStrategy.swift */; };
		5711E26F2A7E6ACD00F8007A /* CoreDataManager.swift in Sources */ = {isa = PBXBuildFile; fileRef = 5711E26E2A7E6ACD00F8007A /* CoreDataManager.swift */; };
		5711E2742A7E6CAB00F8007A /* CoreDataModel.xcdatamodeld in Sources */ = {isa = PBXBuildFile; fileRef = 5711E2722A7E6CAB00F8007A /* CoreDataModel.xcdatamodeld */; };
		5711E2782A7E6D7A00F8007A /* TipsLocalData.swift in Sources */ = {isa = PBXBuildFile; fileRef = 5711E2772A7E6D7A00F8007A /* TipsLocalData.swift */; };
		5711E27A2A7E86ED00F8007A /* DataFreshnessRepository.swift in Sources */ = {isa = PBXBuildFile; fileRef = 5711E2792A7E86ED00F8007A /* DataFreshnessRepository.swift */; };
		5711E27C2A7E8AF500F8007A /* DataFreshnessType.swift in Sources */ = {isa = PBXBuildFile; fileRef = 5711E27B2A7E8AF500F8007A /* DataFreshnessType.swift */; };
		5750F97E2A8766DF00B50B8C /* AboutUIView.swift in Sources */ = {isa = PBXBuildFile; fileRef = 5750F97D2A8766DF00B50B8C /* AboutUIView.swift */; };
		5750F9802A87677E00B50B8C /* AboutViewModel.swift in Sources */ = {isa = PBXBuildFile; fileRef = 5750F97F2A87677E00B50B8C /* AboutViewModel.swift */; };
		5750F9862A87680100B50B8C /* MemberModel.swift in Sources */ = {isa = PBXBuildFile; fileRef = 5750F9852A87680100B50B8C /* MemberModel.swift */; };
		5750F9882A8768BE00B50B8C /* SocialMediaModel.swift in Sources */ = {isa = PBXBuildFile; fileRef = 5750F9872A8768BE00B50B8C /* SocialMediaModel.swift */; };
		5750F98A2A8768F700B50B8C /* AboutModel.swift in Sources */ = {isa = PBXBuildFile; fileRef = 5750F9892A8768F700B50B8C /* AboutModel.swift */; };
		5750F98C2A876A8200B50B8C /* AboutLocalData.swift in Sources */ = {isa = PBXBuildFile; fileRef = 5750F98B2A876A8200B50B8C /* AboutLocalData.swift */; };
		5750F9922A87790C00B50B8C /* AboutService.swift in Sources */ = {isa = PBXBuildFile; fileRef = 5750F9912A87790C00B50B8C /* AboutService.swift */; };
		5750F9942A8779B000B50B8C /* GetAboutUseCase.swift in Sources */ = {isa = PBXBuildFile; fileRef = 5750F9932A8779B000B50B8C /* GetAboutUseCase.swift */; };
		5750F9962A8779BE00B50B8C /* AboutRepository.swift in Sources */ = {isa = PBXBuildFile; fileRef = 5750F9952A8779BE00B50B8C /* AboutRepository.swift */; };
		5750F9982A877A6D00B50B8C /* AboutRepositoryImpl.swift in Sources */ = {isa = PBXBuildFile; fileRef = 5750F9972A877A6D00B50B8C /* AboutRepositoryImpl.swift */; };
		5784A7F42A5C324C00E8B0F6 /* WeLoveMarathonApp.swift in Sources */ = {isa = PBXBuildFile; fileRef = 5784A7F32A5C324C00E8B0F6 /* WeLoveMarathonApp.swift */; };
		5784A7F62A5C324C00E8B0F6 /* ContentView.swift in Sources */ = {isa = PBXBuildFile; fileRef = 5784A7F52A5C324C00E8B0F6 /* ContentView.swift */; };
		5784A7F82A5C324D00E8B0F6 /* Assets.xcassets in Resources */ = {isa = PBXBuildFile; fileRef = 5784A7F72A5C324D00E8B0F6 /* Assets.xcassets */; };
		5784A7FB2A5C324D00E8B0F6 /* Preview Assets.xcassets in Resources */ = {isa = PBXBuildFile; fileRef = 5784A7FA2A5C324D00E8B0F6 /* Preview Assets.xcassets */; };
		5784A80A2A5C324D00E8B0F6 /* WeLoveMarathonTests.swift in Sources */ = {isa = PBXBuildFile; fileRef = 5784A8092A5C324D00E8B0F6 /* WeLoveMarathonTests.swift */; };
		5784A8142A5C324D00E8B0F6 /* WeLoveMarathonUITests.swift in Sources */ = {isa = PBXBuildFile; fileRef = 5784A8132A5C324D00E8B0F6 /* WeLoveMarathonUITests.swift */; };
		5784A8162A5C324D00E8B0F6 /* WeLoveMarathonUITestsLaunchTests.swift in Sources */ = {isa = PBXBuildFile; fileRef = 5784A8152A5C324D00E8B0F6 /* WeLoveMarathonUITestsLaunchTests.swift */; };
		5784A8252A5C344D00E8B0F6 /* SplashScreenView.swift in Sources */ = {isa = PBXBuildFile; fileRef = 5784A8242A5C344D00E8B0F6 /* SplashScreenView.swift */; };
		578854962A666950002F51F7 /* WLMTabView.swift in Sources */ = {isa = PBXBuildFile; fileRef = 578854952A666950002F51F7 /* WLMTabView.swift */; };
		578854982A66714F002F51F7 /* HomeUIView.swift in Sources */ = {isa = PBXBuildFile; fileRef = 578854972A66714F002F51F7 /* HomeUIView.swift */; };
		5788549B2A6678CF002F51F7 /* RoundCornerView.swift in Sources */ = {isa = PBXBuildFile; fileRef = 5788549A2A6678CF002F51F7 /* RoundCornerView.swift */; };
		57B088C62A67B61700404861 /* ActivityUIView.swift in Sources */ = {isa = PBXBuildFile; fileRef = 57B088C52A67B61700404861 /* ActivityUIView.swift */; };
		57B088C82A67BA8B00404861 /* Activity.swift in Sources */ = {isa = PBXBuildFile; fileRef = 57B088C72A67BA8B00404861 /* Activity.swift */; };
		57BF04952A8272590003A04F /* TipsSheetUiView.swift in Sources */ = {isa = PBXBuildFile; fileRef = 57BF04942A8272590003A04F /* TipsSheetUiView.swift */; };
		57CCFF0D2A690ADE00834899 /* ShoppingUIView.swift in Sources */ = {isa = PBXBuildFile; fileRef = 57CCFF0C2A690ADE00834899 /* ShoppingUIView.swift */; };
		57CCFF102A69173100834899 /* ActivitiesUIView.swift in Sources */ = {isa = PBXBuildFile; fileRef = 57CCFF0F2A69173100834899 /* ActivitiesUIView.swift */; };
		57CCFF132A69178000834899 /* TipsUIView.swift in Sources */ = {isa = PBXBuildFile; fileRef = 57CCFF122A69178000834899 /* TipsUIView.swift */; };
/* End PBXBuildFile section */

/* Begin PBXContainerItemProxy section */
		5784A8062A5C324D00E8B0F6 /* PBXContainerItemProxy */ = {
			isa = PBXContainerItemProxy;
			containerPortal = 5784A7E82A5C324C00E8B0F6 /* Project object */;
			proxyType = 1;
			remoteGlobalIDString = 5784A7EF2A5C324C00E8B0F6;
			remoteInfo = WeLoveMarathon;
		};
		5784A8102A5C324D00E8B0F6 /* PBXContainerItemProxy */ = {
			isa = PBXContainerItemProxy;
			containerPortal = 5784A7E82A5C324C00E8B0F6 /* Project object */;
			proxyType = 1;
			remoteGlobalIDString = 5784A7EF2A5C324C00E8B0F6;
			remoteInfo = WeLoveMarathon;
		};
/* End PBXContainerItemProxy section */

/* Begin PBXFileReference section */
		5701C62B2A82B56100EEBBB9 /* FavsUiView.swift */ = {isa = PBXFileReference; lastKnownFileType = sourcecode.swift; path = FavsUiView.swift; sourceTree = "<group>"; };
		5701C62D2A836F4500EEBBB9 /* EmptyFavsUiView.swift */ = {isa = PBXFileReference; lastKnownFileType = sourcecode.swift; path = EmptyFavsUiView.swift; sourceTree = "<group>"; };
		5701C6302A8373C500EEBBB9 /* RunUIView.swift */ = {isa = PBXFileReference; lastKnownFileType = sourcecode.swift; path = RunUIView.swift; sourceTree = "<group>"; };
		570D6A302A80D28F00BCBBC9 /* TipsRepositoryImpl.swift */ = {isa = PBXFileReference; lastKnownFileType = sourcecode.swift; path = TipsRepositoryImpl.swift; sourceTree = "<group>"; };
		570D6A332A80D37800BCBBC9 /* TipsUIItem.swift */ = {isa = PBXFileReference; lastKnownFileType = sourcecode.swift; path = TipsUIItem.swift; sourceTree = "<group>"; };
		5711E2462A7E341300F8007A /* TipsViewModel.swift */ = {isa = PBXFileReference; lastKnownFileType = sourcecode.swift; path = TipsViewModel.swift; sourceTree = "<group>"; };
		5711E2482A7E34A300F8007A /* TipsModel.swift */ = {isa = PBXFileReference; lastKnownFileType = sourcecode.swift; path = TipsModel.swift; sourceTree = "<group>"; };
		5711E24A2A7E36A600F8007A /* GoogleService-Info.plist */ = {isa = PBXFileReference; fileEncoding = 4; lastKnownFileType = text.plist.xml; path = "GoogleService-Info.plist"; sourceTree = "<group>"; };
		5711E2612A7E3A9400F8007A /* GetTipsInteractor.swift */ = {isa = PBXFileReference; lastKnownFileType = sourcecode.swift; path = GetTipsInteractor.swift; sourceTree = "<group>"; };
		5711E2642A7E3C8900F8007A /* ApiService.swift */ = {isa = PBXFileReference; lastKnownFileType = sourcecode.swift; path = ApiService.swift; sourceTree = "<group>"; };
		5711E2662A7E3C9F00F8007A /* TipsRepository.swift */ = {isa = PBXFileReference; lastKnownFileType = sourcecode.swift; path = TipsRepository.swift; sourceTree = "<group>"; };
		5711E2682A7E3DCC00F8007A /* TipsService.swift */ = {isa = PBXFileReference; lastKnownFileType = sourcecode.swift; path = TipsService.swift; sourceTree = "<group>"; };
		5711E26A2A7E4C0700F8007A /* Result.swift */ = {isa = PBXFileReference; lastKnownFileType = sourcecode.swift; path = Result.swift; sourceTree = "<group>"; };
		5711E26C2A7E66BF00F8007A /* SingleSouceOfTruthStrategy.swift */ = {isa = PBXFileReference; lastKnownFileType = sourcecode.swift; path = SingleSouceOfTruthStrategy.swift; sourceTree = "<group>"; };
		5711E26E2A7E6ACD00F8007A /* CoreDataManager.swift */ = {isa = PBXFileReference; lastKnownFileType = sourcecode.swift; path = CoreDataManager.swift; sourceTree = "<group>"; };
		5711E2732A7E6CAB00F8007A /* TipsCoreDataModel.xcdatamodel */ = {isa = PBXFileReference; lastKnownFileType = wrapper.xcdatamodel; path = TipsCoreDataModel.xcdatamodel; sourceTree = "<group>"; };
		5711E2772A7E6D7A00F8007A /* TipsLocalData.swift */ = {isa = PBXFileReference; lastKnownFileType = sourcecode.swift; path = TipsLocalData.swift; sourceTree = "<group>"; };
		5711E2792A7E86ED00F8007A /* DataFreshnessRepository.swift */ = {isa = PBXFileReference; lastKnownFileType = sourcecode.swift; path = DataFreshnessRepository.swift; sourceTree = "<group>"; };
		5711E27B2A7E8AF500F8007A /* DataFreshnessType.swift */ = {isa = PBXFileReference; lastKnownFileType = sourcecode.swift; path = DataFreshnessType.swift; sourceTree = "<group>"; };
		5750F97D2A8766DF00B50B8C /* AboutUIView.swift */ = {isa = PBXFileReference; lastKnownFileType = sourcecode.swift; path = AboutUIView.swift; sourceTree = "<group>"; };
		5750F97F2A87677E00B50B8C /* AboutViewModel.swift */ = {isa = PBXFileReference; lastKnownFileType = sourcecode.swift; path = AboutViewModel.swift; sourceTree = "<group>"; };
		5750F9852A87680100B50B8C /* MemberModel.swift */ = {isa = PBXFileReference; lastKnownFileType = sourcecode.swift; path = MemberModel.swift; sourceTree = "<group>"; };
		5750F9872A8768BE00B50B8C /* SocialMediaModel.swift */ = {isa = PBXFileReference; lastKnownFileType = sourcecode.swift; path = SocialMediaModel.swift; sourceTree = "<group>"; };
		5750F9892A8768F700B50B8C /* AboutModel.swift */ = {isa = PBXFileReference; lastKnownFileType = sourcecode.swift; path = AboutModel.swift; sourceTree = "<group>"; };
		5750F98B2A876A8200B50B8C /* AboutLocalData.swift */ = {isa = PBXFileReference; lastKnownFileType = sourcecode.swift; path = AboutLocalData.swift; sourceTree = "<group>"; };
		5750F9912A87790C00B50B8C /* AboutService.swift */ = {isa = PBXFileReference; lastKnownFileType = sourcecode.swift; path = AboutService.swift; sourceTree = "<group>"; };
		5750F9932A8779B000B50B8C /* GetAboutUseCase.swift */ = {isa = PBXFileReference; lastKnownFileType = sourcecode.swift; path = GetAboutUseCase.swift; sourceTree = "<group>"; };
		5750F9952A8779BE00B50B8C /* AboutRepository.swift */ = {isa = PBXFileReference; lastKnownFileType = sourcecode.swift; path = AboutRepository.swift; sourceTree = "<group>"; };
		5750F9972A877A6D00B50B8C /* AboutRepositoryImpl.swift */ = {isa = PBXFileReference; lastKnownFileType = sourcecode.swift; path = AboutRepositoryImpl.swift; sourceTree = "<group>"; };
		5784A7F02A5C324C00E8B0F6 /* WeLoveMarathon.app */ = {isa = PBXFileReference; explicitFileType = wrapper.application; includeInIndex = 0; path = WeLoveMarathon.app; sourceTree = BUILT_PRODUCTS_DIR; };
		5784A7F32A5C324C00E8B0F6 /* WeLoveMarathonApp.swift */ = {isa = PBXFileReference; lastKnownFileType = sourcecode.swift; path = WeLoveMarathonApp.swift; sourceTree = "<group>"; };
		5784A7F52A5C324C00E8B0F6 /* ContentView.swift */ = {isa = PBXFileReference; lastKnownFileType = sourcecode.swift; path = ContentView.swift; sourceTree = "<group>"; };
		5784A7F72A5C324D00E8B0F6 /* Assets.xcassets */ = {isa = PBXFileReference; lastKnownFileType = folder.assetcatalog; path = Assets.xcassets; sourceTree = "<group>"; };
		5784A7FA2A5C324D00E8B0F6 /* Preview Assets.xcassets */ = {isa = PBXFileReference; lastKnownFileType = folder.assetcatalog; path = "Preview Assets.xcassets"; sourceTree = "<group>"; };
		5784A8052A5C324D00E8B0F6 /* WeLoveMarathonTests.xctest */ = {isa = PBXFileReference; explicitFileType = wrapper.cfbundle; includeInIndex = 0; path = WeLoveMarathonTests.xctest; sourceTree = BUILT_PRODUCTS_DIR; };
		5784A8092A5C324D00E8B0F6 /* WeLoveMarathonTests.swift */ = {isa = PBXFileReference; lastKnownFileType = sourcecode.swift; path = WeLoveMarathonTests.swift; sourceTree = "<group>"; };
		5784A80F2A5C324D00E8B0F6 /* WeLoveMarathonUITests.xctest */ = {isa = PBXFileReference; explicitFileType = wrapper.cfbundle; includeInIndex = 0; path = WeLoveMarathonUITests.xctest; sourceTree = BUILT_PRODUCTS_DIR; };
		5784A8132A5C324D00E8B0F6 /* WeLoveMarathonUITests.swift */ = {isa = PBXFileReference; lastKnownFileType = sourcecode.swift; path = WeLoveMarathonUITests.swift; sourceTree = "<group>"; };
		5784A8152A5C324D00E8B0F6 /* WeLoveMarathonUITestsLaunchTests.swift */ = {isa = PBXFileReference; lastKnownFileType = sourcecode.swift; path = WeLoveMarathonUITestsLaunchTests.swift; sourceTree = "<group>"; };
		5784A8242A5C344D00E8B0F6 /* SplashScreenView.swift */ = {isa = PBXFileReference; lastKnownFileType = sourcecode.swift; path = SplashScreenView.swift; sourceTree = "<group>"; };
		578854952A666950002F51F7 /* WLMTabView.swift */ = {isa = PBXFileReference; lastKnownFileType = sourcecode.swift; path = WLMTabView.swift; sourceTree = "<group>"; };
		578854972A66714F002F51F7 /* HomeUIView.swift */ = {isa = PBXFileReference; lastKnownFileType = sourcecode.swift; path = HomeUIView.swift; sourceTree = "<group>"; };
		5788549A2A6678CF002F51F7 /* RoundCornerView.swift */ = {isa = PBXFileReference; lastKnownFileType = sourcecode.swift; path = RoundCornerView.swift; sourceTree = "<group>"; };
		57B088C52A67B61700404861 /* ActivityUIView.swift */ = {isa = PBXFileReference; lastKnownFileType = sourcecode.swift; path = ActivityUIView.swift; sourceTree = "<group>"; };
		57B088C72A67BA8B00404861 /* Activity.swift */ = {isa = PBXFileReference; lastKnownFileType = sourcecode.swift; path = Activity.swift; sourceTree = "<group>"; };
		57BF04942A8272590003A04F /* TipsSheetUiView.swift */ = {isa = PBXFileReference; lastKnownFileType = sourcecode.swift; path = TipsSheetUiView.swift; sourceTree = "<group>"; };
		57CCFF0C2A690ADE00834899 /* ShoppingUIView.swift */ = {isa = PBXFileReference; lastKnownFileType = sourcecode.swift; path = ShoppingUIView.swift; sourceTree = "<group>"; };
		57CCFF0F2A69173100834899 /* ActivitiesUIView.swift */ = {isa = PBXFileReference; lastKnownFileType = sourcecode.swift; path = ActivitiesUIView.swift; sourceTree = "<group>"; };
		57CCFF122A69178000834899 /* TipsUIView.swift */ = {isa = PBXFileReference; lastKnownFileType = sourcecode.swift; path = TipsUIView.swift; sourceTree = "<group>"; };
/* End PBXFileReference section */

/* Begin PBXFrameworksBuildPhase section */
		5784A7ED2A5C324C00E8B0F6 /* Frameworks */ = {
			isa = PBXFrameworksBuildPhase;
			buildActionMask = 2147483647;
			files = (
				5711E2562A7E37AC00F8007A /* FirebaseDatabaseSwift in Frameworks */,
				5711E2522A7E37AC00F8007A /* FirebaseCrashlytics in Frameworks */,
				5711E2602A7E37AC00F8007A /* FirebaseStorageCombine-Community in Frameworks */,
				5711E25E2A7E37AC00F8007A /* FirebaseStorage in Frameworks */,
				5711E2502A7E37AC00F8007A /* FirebaseAnalyticsSwift in Frameworks */,
				5711E2542A7E37AC00F8007A /* FirebaseDatabase in Frameworks */,
				5711E24E2A7E37AC00F8007A /* FirebaseAnalytics in Frameworks */,
				5711E2582A7E37AC00F8007A /* FirebaseFirestore in Frameworks */,
				5711E25A2A7E37AC00F8007A /* FirebaseFirestoreCombine-Community in Frameworks */,
				5711E25C2A7E37AC00F8007A /* FirebaseFirestoreSwift in Frameworks */,
			);
			runOnlyForDeploymentPostprocessing = 0;
		};
		5784A8022A5C324D00E8B0F6 /* Frameworks */ = {
			isa = PBXFrameworksBuildPhase;
			buildActionMask = 2147483647;
			files = (
			);
			runOnlyForDeploymentPostprocessing = 0;
		};
		5784A80C2A5C324D00E8B0F6 /* Frameworks */ = {
			isa = PBXFrameworksBuildPhase;
			buildActionMask = 2147483647;
			files = (
			);
			runOnlyForDeploymentPostprocessing = 0;
		};
/* End PBXFrameworksBuildPhase section */

/* Begin PBXGroup section */
		5701C6272A82B53100EEBBB9 /* favs */ = {
			isa = PBXGroup;
			children = (
				5701C62A2A82B54C00EEBBB9 /* presentation */,
				5701C6292A82B54200EEBBB9 /* data */,
				5701C6282A82B53B00EEBBB9 /* domain */,
			);
			path = favs;
			sourceTree = "<group>";
		};
		5701C6282A82B53B00EEBBB9 /* domain */ = {
			isa = PBXGroup;
			children = (
			);
			path = domain;
			sourceTree = "<group>";
		};
		5701C6292A82B54200EEBBB9 /* data */ = {
			isa = PBXGroup;
			children = (
			);
			path = data;
			sourceTree = "<group>";
		};
		5701C62A2A82B54C00EEBBB9 /* presentation */ = {
			isa = PBXGroup;
			children = (
				5701C62B2A82B56100EEBBB9 /* FavsUiView.swift */,
				5701C62D2A836F4500EEBBB9 /* EmptyFavsUiView.swift */,
			);
			path = presentation;
			sourceTree = "<group>";
		};
		5701C62F2A8373B900EEBBB9 /* run */ = {
			isa = PBXGroup;
			children = (
				5701C6302A8373C500EEBBB9 /* RunUIView.swift */,
			);
			path = run;
			sourceTree = "<group>";
		};
		570D6A2D2A80D24200BCBBC9 /* data */ = {
			isa = PBXGroup;
			children = (
				5711E2772A7E6D7A00F8007A /* TipsLocalData.swift */,
				5711E2682A7E3DCC00F8007A /* TipsService.swift */,
				570D6A302A80D28F00BCBBC9 /* TipsRepositoryImpl.swift */,
			);
			path = data;
			sourceTree = "<group>";
		};
		570D6A2E2A80D24900BCBBC9 /* domain */ = {
			isa = PBXGroup;
			children = (
				5711E2662A7E3C9F00F8007A /* TipsRepository.swift */,
				5711E2612A7E3A9400F8007A /* GetTipsInteractor.swift */,
				5711E2482A7E34A300F8007A /* TipsModel.swift */,
			);
			path = domain;
			sourceTree = "<group>";
		};
		570D6A2F2A80D24E00BCBBC9 /* presentation */ = {
			isa = PBXGroup;
			children = (
				5711E2462A7E341300F8007A /* TipsViewModel.swift */,
				57CCFF122A69178000834899 /* TipsUIView.swift */,
				570D6A332A80D37800BCBBC9 /* TipsUIItem.swift */,
				57BF04942A8272590003A04F /* TipsSheetUiView.swift */,
			);
			path = presentation;
			sourceTree = "<group>";
		};
		570D6A322A80D2EF00BCBBC9 /* domain */ = {
			isa = PBXGroup;
			children = (
			);
			path = domain;
			sourceTree = "<group>";
		};
		570D6A352A80DBF000BCBBC9 /* utils */ = {
			isa = PBXGroup;
			children = (
				5711E26C2A7E66BF00F8007A /* SingleSouceOfTruthStrategy.swift */,
				5711E26A2A7E4C0700F8007A /* Result.swift */,
			);
			path = utils;
			sourceTree = "<group>";
		};
		5711E2632A7E3C5C00F8007A /* data */ = {
			isa = PBXGroup;
			children = (
				5711E2722A7E6CAB00F8007A /* CoreDataModel.xcdatamodeld */,
				5711E2642A7E3C8900F8007A /* ApiService.swift */,
				5711E26E2A7E6ACD00F8007A /* CoreDataManager.swift */,
				5711E2792A7E86ED00F8007A /* DataFreshnessRepository.swift */,
				5711E27B2A7E8AF500F8007A /* DataFreshnessType.swift */,
			);
			path = data;
			sourceTree = "<group>";
		};
		5750F97A2A8766B100B50B8C /* about */ = {
			isa = PBXGroup;
			children = (
				5750F9832A8767BE00B50B8C /* data */,
				5750F9822A8767B900B50B8C /* domain */,
				5750F9812A8767B200B50B8C /* presentation */,
			);
			path = about;
			sourceTree = "<group>";
		};
		5750F9812A8767B200B50B8C /* presentation */ = {
			isa = PBXGroup;
			children = (
				5750F97F2A87677E00B50B8C /* AboutViewModel.swift */,
				5750F97D2A8766DF00B50B8C /* AboutUIView.swift */,
			);
			path = presentation;
			sourceTree = "<group>";
		};
		5750F9822A8767B900B50B8C /* domain */ = {
			isa = PBXGroup;
			children = (
				5750F9852A87680100B50B8C /* MemberModel.swift */,
				5750F9872A8768BE00B50B8C /* SocialMediaModel.swift */,
				5750F9892A8768F700B50B8C /* AboutModel.swift */,
				5750F9932A8779B000B50B8C /* GetAboutUseCase.swift */,
				5750F9952A8779BE00B50B8C /* AboutRepository.swift */,
			);
			path = domain;
			sourceTree = "<group>";
		};
		5750F9832A8767BE00B50B8C /* data */ = {
			isa = PBXGroup;
			children = (
				5750F98B2A876A8200B50B8C /* AboutLocalData.swift */,
				5750F9912A87790C00B50B8C /* AboutService.swift */,
				5750F9972A877A6D00B50B8C /* AboutRepositoryImpl.swift */,
			);
			path = data;
			sourceTree = "<group>";
		};
		5784A7E72A5C324C00E8B0F6 = {
			isa = PBXGroup;
			children = (
				5784A7F22A5C324C00E8B0F6 /* WeLoveMarathon */,
				5784A8082A5C324D00E8B0F6 /* WeLoveMarathonTests */,
				5784A8122A5C324D00E8B0F6 /* WeLoveMarathonUITests */,
				5784A7F12A5C324C00E8B0F6 /* Products */,
			);
			sourceTree = "<group>";
		};
		5784A7F12A5C324C00E8B0F6 /* Products */ = {
			isa = PBXGroup;
			children = (
				5784A7F02A5C324C00E8B0F6 /* WeLoveMarathon.app */,
				5784A8052A5C324D00E8B0F6 /* WeLoveMarathonTests.xctest */,
				5784A80F2A5C324D00E8B0F6 /* WeLoveMarathonUITests.xctest */,
			);
			name = Products;
			sourceTree = "<group>";
		};
		5784A7F22A5C324C00E8B0F6 /* WeLoveMarathon */ = {
			isa = PBXGroup;
			children = (
				5750F97A2A8766B100B50B8C /* about */,
				5701C62F2A8373B900EEBBB9 /* run */,
				5701C6272A82B53100EEBBB9 /* favs */,
				57CCFF112A69174E00834899 /* tips */,
				57CCFF0E2A69171800834899 /* activities */,
				57CCFF0B2A6909B800834899 /* shopping */,
				578854942A666832002F51F7 /* home */,
				5784A8232A5C343200E8B0F6 /* splash */,
				5784A8222A5C341600E8B0F6 /* common */,
				5784A7F32A5C324C00E8B0F6 /* WeLoveMarathonApp.swift */,
				5784A7F72A5C324D00E8B0F6 /* Assets.xcassets */,
				5784A7F92A5C324D00E8B0F6 /* Preview Content */,
			);
			path = WeLoveMarathon;
			sourceTree = "<group>";
		};
		5784A7F92A5C324D00E8B0F6 /* Preview Content */ = {
			isa = PBXGroup;
			children = (
				5784A7FA2A5C324D00E8B0F6 /* Preview Assets.xcassets */,
				5711E24A2A7E36A600F8007A /* GoogleService-Info.plist */,
			);
			path = "Preview Content";
			sourceTree = "<group>";
		};
		5784A8082A5C324D00E8B0F6 /* WeLoveMarathonTests */ = {
			isa = PBXGroup;
			children = (
				5784A8092A5C324D00E8B0F6 /* WeLoveMarathonTests.swift */,
			);
			path = WeLoveMarathonTests;
			sourceTree = "<group>";
		};
		5784A8122A5C324D00E8B0F6 /* WeLoveMarathonUITests */ = {
			isa = PBXGroup;
			children = (
				5784A8132A5C324D00E8B0F6 /* WeLoveMarathonUITests.swift */,
				5784A8152A5C324D00E8B0F6 /* WeLoveMarathonUITestsLaunchTests.swift */,
			);
			path = WeLoveMarathonUITests;
			sourceTree = "<group>";
		};
		5784A8222A5C341600E8B0F6 /* common */ = {
			isa = PBXGroup;
			children = (
				570D6A352A80DBF000BCBBC9 /* utils */,
				570D6A322A80D2EF00BCBBC9 /* domain */,
				5711E2632A7E3C5C00F8007A /* data */,
				578854992A6678B7002F51F7 /* views */,
			);
			path = common;
			sourceTree = "<group>";
		};
		5784A8232A5C343200E8B0F6 /* splash */ = {
			isa = PBXGroup;
			children = (
				5784A8242A5C344D00E8B0F6 /* SplashScreenView.swift */,
			);
			path = splash;
			sourceTree = "<group>";
		};
		578854942A666832002F51F7 /* home */ = {
			isa = PBXGroup;
			children = (
				578854972A66714F002F51F7 /* HomeUIView.swift */,
				57B088C72A67BA8B00404861 /* Activity.swift */,
			);
			path = home;
			sourceTree = "<group>";
		};
		578854992A6678B7002F51F7 /* views */ = {
			isa = PBXGroup;
			children = (
				5784A7F52A5C324C00E8B0F6 /* ContentView.swift */,
				578854952A666950002F51F7 /* WLMTabView.swift */,
				5788549A2A6678CF002F51F7 /* RoundCornerView.swift */,
				57B088C52A67B61700404861 /* ActivityUIView.swift */,
			);
			path = views;
			sourceTree = "<group>";
		};
		57CCFF0B2A6909B800834899 /* shopping */ = {
			isa = PBXGroup;
			children = (
				57CCFF0C2A690ADE00834899 /* ShoppingUIView.swift */,
			);
			path = shopping;
			sourceTree = "<group>";
		};
		57CCFF0E2A69171800834899 /* activities */ = {
			isa = PBXGroup;
			children = (
				57CCFF0F2A69173100834899 /* ActivitiesUIView.swift */,
			);
			path = activities;
			sourceTree = "<group>";
		};
		57CCFF112A69174E00834899 /* tips */ = {
			isa = PBXGroup;
			children = (
				570D6A2F2A80D24E00BCBBC9 /* presentation */,
				570D6A2E2A80D24900BCBBC9 /* domain */,
				570D6A2D2A80D24200BCBBC9 /* data */,
			);
			path = tips;
			sourceTree = "<group>";
		};
/* End PBXGroup section */

/* Begin PBXNativeTarget section */
		5784A7EF2A5C324C00E8B0F6 /* WeLoveMarathon */ = {
			isa = PBXNativeTarget;
			buildConfigurationList = 5784A8192A5C324D00E8B0F6 /* Build configuration list for PBXNativeTarget "WeLoveMarathon" */;
			buildPhases = (
				5784A7EC2A5C324C00E8B0F6 /* Sources */,
				5784A7ED2A5C324C00E8B0F6 /* Frameworks */,
				5784A7EE2A5C324C00E8B0F6 /* Resources */,
			);
			buildRules = (
			);
			dependencies = (
			);
			name = WeLoveMarathon;
			packageProductDependencies = (
				5711E24D2A7E37AC00F8007A /* FirebaseAnalytics */,
				5711E24F2A7E37AC00F8007A /* FirebaseAnalyticsSwift */,
				5711E2512A7E37AC00F8007A /* FirebaseCrashlytics */,
				5711E2532A7E37AC00F8007A /* FirebaseDatabase */,
				5711E2552A7E37AC00F8007A /* FirebaseDatabaseSwift */,
				5711E2572A7E37AC00F8007A /* FirebaseFirestore */,
				5711E2592A7E37AC00F8007A /* FirebaseFirestoreCombine-Community */,
				5711E25B2A7E37AC00F8007A /* FirebaseFirestoreSwift */,
				5711E25D2A7E37AC00F8007A /* FirebaseStorage */,
				5711E25F2A7E37AC00F8007A /* FirebaseStorageCombine-Community */,
			);
			productName = WeLoveMarathon;
			productReference = 5784A7F02A5C324C00E8B0F6 /* WeLoveMarathon.app */;
			productType = "com.apple.product-type.application";
		};
		5784A8042A5C324D00E8B0F6 /* WeLoveMarathonTests */ = {
			isa = PBXNativeTarget;
			buildConfigurationList = 5784A81C2A5C324D00E8B0F6 /* Build configuration list for PBXNativeTarget "WeLoveMarathonTests" */;
			buildPhases = (
				5784A8012A5C324D00E8B0F6 /* Sources */,
				5784A8022A5C324D00E8B0F6 /* Frameworks */,
				5784A8032A5C324D00E8B0F6 /* Resources */,
			);
			buildRules = (
			);
			dependencies = (
				5784A8072A5C324D00E8B0F6 /* PBXTargetDependency */,
			);
			name = WeLoveMarathonTests;
			productName = WeLoveMarathonTests;
			productReference = 5784A8052A5C324D00E8B0F6 /* WeLoveMarathonTests.xctest */;
			productType = "com.apple.product-type.bundle.unit-test";
		};
		5784A80E2A5C324D00E8B0F6 /* WeLoveMarathonUITests */ = {
			isa = PBXNativeTarget;
			buildConfigurationList = 5784A81F2A5C324D00E8B0F6 /* Build configuration list for PBXNativeTarget "WeLoveMarathonUITests" */;
			buildPhases = (
				5784A80B2A5C324D00E8B0F6 /* Sources */,
				5784A80C2A5C324D00E8B0F6 /* Frameworks */,
				5784A80D2A5C324D00E8B0F6 /* Resources */,
			);
			buildRules = (
			);
			dependencies = (
				5784A8112A5C324D00E8B0F6 /* PBXTargetDependency */,
			);
			name = WeLoveMarathonUITests;
			productName = WeLoveMarathonUITests;
			productReference = 5784A80F2A5C324D00E8B0F6 /* WeLoveMarathonUITests.xctest */;
			productType = "com.apple.product-type.bundle.ui-testing";
		};
/* End PBXNativeTarget section */

/* Begin PBXProject section */
		5784A7E82A5C324C00E8B0F6 /* Project object */ = {
			isa = PBXProject;
			attributes = {
				BuildIndependentTargetsInParallel = 1;
				LastSwiftUpdateCheck = 1400;
				LastUpgradeCheck = 1400;
				TargetAttributes = {
					5784A7EF2A5C324C00E8B0F6 = {
						CreatedOnToolsVersion = 14.0;
					};
					5784A8042A5C324D00E8B0F6 = {
						CreatedOnToolsVersion = 14.0;
						TestTargetID = 5784A7EF2A5C324C00E8B0F6;
					};
					5784A80E2A5C324D00E8B0F6 = {
						CreatedOnToolsVersion = 14.0;
						TestTargetID = 5784A7EF2A5C324C00E8B0F6;
					};
				};
			};
			buildConfigurationList = 5784A7EB2A5C324C00E8B0F6 /* Build configuration list for PBXProject " " */;
			compatibilityVersion = "Xcode 14.0";
			developmentRegion = en;
			hasScannedForEncodings = 0;
			knownRegions = (
				en,
				Base,
			);
			mainGroup = 5784A7E72A5C324C00E8B0F6;
			packageReferences = (
				5711E24C2A7E37AB00F8007A /* XCRemoteSwiftPackageReference "firebase-ios-sdk" */,
			);
			productRefGroup = 5784A7F12A5C324C00E8B0F6 /* Products */;
			projectDirPath = "";
			projectRoot = "";
			targets = (
				5784A7EF2A5C324C00E8B0F6 /* WeLoveMarathon */,
				5784A8042A5C324D00E8B0F6 /* WeLoveMarathonTests */,
				5784A80E2A5C324D00E8B0F6 /* WeLoveMarathonUITests */,
			);
		};
/* End PBXProject section */

/* Begin PBXResourcesBuildPhase section */
		5784A7EE2A5C324C00E8B0F6 /* Resources */ = {
			isa = PBXResourcesBuildPhase;
			buildActionMask = 2147483647;
			files = (
				5784A7FB2A5C324D00E8B0F6 /* Preview Assets.xcassets in Resources */,
				5784A7F82A5C324D00E8B0F6 /* Assets.xcassets in Resources */,
				5711E24B2A7E36A600F8007A /* GoogleService-Info.plist in Resources */,
			);
			runOnlyForDeploymentPostprocessing = 0;
		};
		5784A8032A5C324D00E8B0F6 /* Resources */ = {
			isa = PBXResourcesBuildPhase;
			buildActionMask = 2147483647;
			files = (
			);
			runOnlyForDeploymentPostprocessing = 0;
		};
		5784A80D2A5C324D00E8B0F6 /* Resources */ = {
			isa = PBXResourcesBuildPhase;
			buildActionMask = 2147483647;
			files = (
			);
			runOnlyForDeploymentPostprocessing = 0;
		};
/* End PBXResourcesBuildPhase section */

/* Begin PBXSourcesBuildPhase section */
		5784A7EC2A5C324C00E8B0F6 /* Sources */ = {
			isa = PBXSourcesBuildPhase;
			buildActionMask = 2147483647;
			files = (
				5711E2472A7E341300F8007A /* TipsViewModel.swift in Sources */,
				57B088C82A67BA8B00404861 /* Activity.swift in Sources */,
				570D6A342A80D37900BCBBC9 /* TipsUIItem.swift in Sources */,
				5711E2652A7E3C8900F8007A /* ApiService.swift in Sources */,
				5750F9942A8779B000B50B8C /* GetAboutUseCase.swift in Sources */,
				5701C62C2A82B56100EEBBB9 /* FavsUiView.swift in Sources */,
				578854982A66714F002F51F7 /* HomeUIView.swift in Sources */,
				5750F9922A87790C00B50B8C /* AboutService.swift in Sources */,
				5711E2692A7E3DCC00F8007A /* TipsService.swift in Sources */,
				5711E26B2A7E4C0700F8007A /* Result.swift in Sources */,
				5711E27A2A7E86ED00F8007A /* DataFreshnessRepository.swift in Sources */,
				570D6A312A80D28F00BCBBC9 /* TipsRepositoryImpl.swift in Sources */,
				5750F9862A87680100B50B8C /* MemberModel.swift in Sources */,
				5711E27C2A7E8AF500F8007A /* DataFreshnessType.swift in Sources */,
				5784A7F62A5C324C00E8B0F6 /* ContentView.swift in Sources */,
				5784A8252A5C344D00E8B0F6 /* SplashScreenView.swift in Sources */,
				57BF04952A8272590003A04F /* TipsSheetUiView.swift in Sources */,
				57B088C62A67B61700404861 /* ActivityUIView.swift in Sources */,
				5711E2742A7E6CAB00F8007A /* CoreDataModel.xcdatamodeld in Sources */,
				5701C62E2A836F4500EEBBB9 /* EmptyFavsUiView.swift in Sources */,
				5711E26F2A7E6ACD00F8007A /* CoreDataManager.swift in Sources */,
				57CCFF0D2A690ADE00834899 /* ShoppingUIView.swift in Sources */,
				5750F97E2A8766DF00B50B8C /* AboutUIView.swift in Sources */,
				5711E2492A7E34A300F8007A /* TipsModel.swift in Sources */,
				5701C6312A8373C500EEBBB9 /* RunUIView.swift in Sources */,
				5750F98C2A876A8200B50B8C /* AboutLocalData.swift in Sources */,
				5750F9802A87677E00B50B8C /* AboutViewModel.swift in Sources */,
				5788549B2A6678CF002F51F7 /* RoundCornerView.swift in Sources */,
				57CCFF132A69178000834899 /* TipsUIView.swift in Sources */,
				5711E2782A7E6D7A00F8007A /* TipsLocalData.swift in Sources */,
				578854962A666950002F51F7 /* WLMTabView.swift in Sources */,
				5750F98A2A8768F700B50B8C /* AboutModel.swift in Sources */,
				5784A7F42A5C324C00E8B0F6 /* WeLoveMarathonApp.swift in Sources */,
				5750F9982A877A6D00B50B8C /* AboutRepositoryImpl.swift in Sources */,
				5711E2622A7E3A9400F8007A /* GetTipsInteractor.swift in Sources */,
				5711E26D2A7E66BF00F8007A /* SingleSouceOfTruthStrategy.swift in Sources */,
				5750F9882A8768BE00B50B8C /* SocialMediaModel.swift in Sources */,
				5750F9962A8779BE00B50B8C /* AboutRepository.swift in Sources */,
				5711E2672A7E3C9F00F8007A /* TipsRepository.swift in Sources */,
				57CCFF102A69173100834899 /* ActivitiesUIView.swift in Sources */,
			);
			runOnlyForDeploymentPostprocessing = 0;
		};
		5784A8012A5C324D00E8B0F6 /* Sources */ = {
			isa = PBXSourcesBuildPhase;
			buildActionMask = 2147483647;
			files = (
				5784A80A2A5C324D00E8B0F6 /* WeLoveMarathonTests.swift in Sources */,
			);
			runOnlyForDeploymentPostprocessing = 0;
		};
		5784A80B2A5C324D00E8B0F6 /* Sources */ = {
			isa = PBXSourcesBuildPhase;
			buildActionMask = 2147483647;
			files = (
				5784A8162A5C324D00E8B0F6 /* WeLoveMarathonUITestsLaunchTests.swift in Sources */,
				5784A8142A5C324D00E8B0F6 /* WeLoveMarathonUITests.swift in Sources */,
			);
			runOnlyForDeploymentPostprocessing = 0;
		};
/* End PBXSourcesBuildPhase section */

/* Begin PBXTargetDependency section */
		5784A8072A5C324D00E8B0F6 /* PBXTargetDependency */ = {
			isa = PBXTargetDependency;
			target = 5784A7EF2A5C324C00E8B0F6 /* WeLoveMarathon */;
			targetProxy = 5784A8062A5C324D00E8B0F6 /* PBXContainerItemProxy */;
		};
		5784A8112A5C324D00E8B0F6 /* PBXTargetDependency */ = {
			isa = PBXTargetDependency;
			target = 5784A7EF2A5C324C00E8B0F6 /* WeLoveMarathon */;
			targetProxy = 5784A8102A5C324D00E8B0F6 /* PBXContainerItemProxy */;
		};
/* End PBXTargetDependency section */

/* Begin XCBuildConfiguration section */
		5784A8172A5C324D00E8B0F6 /* Debug */ = {
			isa = XCBuildConfiguration;
			buildSettings = {
				ALWAYS_SEARCH_USER_PATHS = NO;
				CLANG_ANALYZER_NONNULL = YES;
				CLANG_ANALYZER_NUMBER_OBJECT_CONVERSION = YES_AGGRESSIVE;
				CLANG_CXX_LANGUAGE_STANDARD = "gnu++20";
				CLANG_ENABLE_MODULES = YES;
				CLANG_ENABLE_OBJC_ARC = YES;
				CLANG_ENABLE_OBJC_WEAK = YES;
				CLANG_WARN_BLOCK_CAPTURE_AUTORELEASING = YES;
				CLANG_WARN_BOOL_CONVERSION = YES;
				CLANG_WARN_COMMA = YES;
				CLANG_WARN_CONSTANT_CONVERSION = YES;
				CLANG_WARN_DEPRECATED_OBJC_IMPLEMENTATIONS = YES;
				CLANG_WARN_DIRECT_OBJC_ISA_USAGE = YES_ERROR;
				CLANG_WARN_DOCUMENTATION_COMMENTS = YES;
				CLANG_WARN_EMPTY_BODY = YES;
				CLANG_WARN_ENUM_CONVERSION = YES;
				CLANG_WARN_INFINITE_RECURSION = YES;
				CLANG_WARN_INT_CONVERSION = YES;
				CLANG_WARN_NON_LITERAL_NULL_CONVERSION = YES;
				CLANG_WARN_OBJC_IMPLICIT_RETAIN_SELF = YES;
				CLANG_WARN_OBJC_LITERAL_CONVERSION = YES;
				CLANG_WARN_OBJC_ROOT_CLASS = YES_ERROR;
				CLANG_WARN_QUOTED_INCLUDE_IN_FRAMEWORK_HEADER = YES;
				CLANG_WARN_RANGE_LOOP_ANALYSIS = YES;
				CLANG_WARN_STRICT_PROTOTYPES = YES;
				CLANG_WARN_SUSPICIOUS_MOVE = YES;
				CLANG_WARN_UNGUARDED_AVAILABILITY = YES_AGGRESSIVE;
				CLANG_WARN_UNREACHABLE_CODE = YES;
				CLANG_WARN__DUPLICATE_METHOD_MATCH = YES;
				COPY_PHASE_STRIP = NO;
				DEBUG_INFORMATION_FORMAT = dwarf;
				ENABLE_STRICT_OBJC_MSGSEND = YES;
				ENABLE_TESTABILITY = YES;
				GCC_C_LANGUAGE_STANDARD = gnu11;
				GCC_DYNAMIC_NO_PIC = NO;
				GCC_NO_COMMON_BLOCKS = YES;
				GCC_OPTIMIZATION_LEVEL = 0;
				GCC_PREPROCESSOR_DEFINITIONS = (
					"DEBUG=1",
					"$(inherited)",
				);
				GCC_WARN_64_TO_32_BIT_CONVERSION = YES;
				GCC_WARN_ABOUT_RETURN_TYPE = YES_ERROR;
				GCC_WARN_UNDECLARED_SELECTOR = YES;
				GCC_WARN_UNINITIALIZED_AUTOS = YES_AGGRESSIVE;
				GCC_WARN_UNUSED_FUNCTION = YES;
				GCC_WARN_UNUSED_VARIABLE = YES;
				IPHONEOS_DEPLOYMENT_TARGET = 16.0;
				MTL_ENABLE_DEBUG_INFO = INCLUDE_SOURCE;
				MTL_FAST_MATH = YES;
				ONLY_ACTIVE_ARCH = YES;
				SDKROOT = iphoneos;
				SWIFT_ACTIVE_COMPILATION_CONDITIONS = DEBUG;
				SWIFT_OPTIMIZATION_LEVEL = "-Onone";
			};
			name = Debug;
		};
		5784A8182A5C324D00E8B0F6 /* Release */ = {
			isa = XCBuildConfiguration;
			buildSettings = {
				ALWAYS_SEARCH_USER_PATHS = NO;
				CLANG_ANALYZER_NONNULL = YES;
				CLANG_ANALYZER_NUMBER_OBJECT_CONVERSION = YES_AGGRESSIVE;
				CLANG_CXX_LANGUAGE_STANDARD = "gnu++20";
				CLANG_ENABLE_MODULES = YES;
				CLANG_ENABLE_OBJC_ARC = YES;
				CLANG_ENABLE_OBJC_WEAK = YES;
				CLANG_WARN_BLOCK_CAPTURE_AUTORELEASING = YES;
				CLANG_WARN_BOOL_CONVERSION = YES;
				CLANG_WARN_COMMA = YES;
				CLANG_WARN_CONSTANT_CONVERSION = YES;
				CLANG_WARN_DEPRECATED_OBJC_IMPLEMENTATIONS = YES;
				CLANG_WARN_DIRECT_OBJC_ISA_USAGE = YES_ERROR;
				CLANG_WARN_DOCUMENTATION_COMMENTS = YES;
				CLANG_WARN_EMPTY_BODY = YES;
				CLANG_WARN_ENUM_CONVERSION = YES;
				CLANG_WARN_INFINITE_RECURSION = YES;
				CLANG_WARN_INT_CONVERSION = YES;
				CLANG_WARN_NON_LITERAL_NULL_CONVERSION = YES;
				CLANG_WARN_OBJC_IMPLICIT_RETAIN_SELF = YES;
				CLANG_WARN_OBJC_LITERAL_CONVERSION = YES;
				CLANG_WARN_OBJC_ROOT_CLASS = YES_ERROR;
				CLANG_WARN_QUOTED_INCLUDE_IN_FRAMEWORK_HEADER = YES;
				CLANG_WARN_RANGE_LOOP_ANALYSIS = YES;
				CLANG_WARN_STRICT_PROTOTYPES = YES;
				CLANG_WARN_SUSPICIOUS_MOVE = YES;
				CLANG_WARN_UNGUARDED_AVAILABILITY = YES_AGGRESSIVE;
				CLANG_WARN_UNREACHABLE_CODE = YES;
				CLANG_WARN__DUPLICATE_METHOD_MATCH = YES;
				COPY_PHASE_STRIP = NO;
				DEBUG_INFORMATION_FORMAT = "dwarf-with-dsym";
				ENABLE_NS_ASSERTIONS = NO;
				ENABLE_STRICT_OBJC_MSGSEND = YES;
				GCC_C_LANGUAGE_STANDARD = gnu11;
				GCC_NO_COMMON_BLOCKS = YES;
				GCC_WARN_64_TO_32_BIT_CONVERSION = YES;
				GCC_WARN_ABOUT_RETURN_TYPE = YES_ERROR;
				GCC_WARN_UNDECLARED_SELECTOR = YES;
				GCC_WARN_UNINITIALIZED_AUTOS = YES_AGGRESSIVE;
				GCC_WARN_UNUSED_FUNCTION = YES;
				GCC_WARN_UNUSED_VARIABLE = YES;
				IPHONEOS_DEPLOYMENT_TARGET = 16.0;
				MTL_ENABLE_DEBUG_INFO = NO;
				MTL_FAST_MATH = YES;
				SDKROOT = iphoneos;
				SWIFT_COMPILATION_MODE = wholemodule;
				SWIFT_OPTIMIZATION_LEVEL = "-O";
				VALIDATE_PRODUCT = YES;
			};
			name = Release;
		};
		5784A81A2A5C324D00E8B0F6 /* Debug */ = {
			isa = XCBuildConfiguration;
			buildSettings = {
				ASSETCATALOG_COMPILER_APPICON_NAME = AppIcon;
				ASSETCATALOG_COMPILER_GLOBAL_ACCENT_COLOR_NAME = AccentColor;
				CODE_SIGN_STYLE = Automatic;
				CURRENT_PROJECT_VERSION = 1;
				DEVELOPMENT_ASSET_PATHS = "\"WeLoveMarathon/Preview Content\"";
				DEVELOPMENT_TEAM = V93KX72733;
				ENABLE_PREVIEWS = YES;
				GENERATE_INFOPLIST_FILE = YES;
				INFOPLIST_KEY_UIApplicationSceneManifest_Generation = YES;
				INFOPLIST_KEY_UIApplicationSupportsIndirectInputEvents = YES;
				INFOPLIST_KEY_UILaunchScreen_Generation = YES;
				INFOPLIST_KEY_UISupportedInterfaceOrientations = UIInterfaceOrientationPortrait;
				LD_RUNPATH_SEARCH_PATHS = (
					"$(inherited)",
					"@executable_path/Frameworks",
				);
				MARKETING_VERSION = 1.0;
				PRODUCT_BUNDLE_IDENTIFIER = jdagnogo.WeLoveMarathon;
				PRODUCT_NAME = "$(TARGET_NAME)";
				SWIFT_EMIT_LOC_STRINGS = YES;
				SWIFT_VERSION = 5.0;
				TARGETED_DEVICE_FAMILY = "1,2";
			};
			name = Debug;
		};
		5784A81B2A5C324D00E8B0F6 /* Release */ = {
			isa = XCBuildConfiguration;
			buildSettings = {
				ASSETCATALOG_COMPILER_APPICON_NAME = AppIcon;
				ASSETCATALOG_COMPILER_GLOBAL_ACCENT_COLOR_NAME = AccentColor;
				CODE_SIGN_STYLE = Automatic;
				CURRENT_PROJECT_VERSION = 1;
				DEVELOPMENT_ASSET_PATHS = "\"WeLoveMarathon/Preview Content\"";
				DEVELOPMENT_TEAM = V93KX72733;
				ENABLE_PREVIEWS = YES;
				GENERATE_INFOPLIST_FILE = YES;
				INFOPLIST_KEY_UIApplicationSceneManifest_Generation = YES;
				INFOPLIST_KEY_UIApplicationSupportsIndirectInputEvents = YES;
				INFOPLIST_KEY_UILaunchScreen_Generation = YES;
				INFOPLIST_KEY_UISupportedInterfaceOrientations = UIInterfaceOrientationPortrait;
				LD_RUNPATH_SEARCH_PATHS = (
					"$(inherited)",
					"@executable_path/Frameworks",
				);
				MARKETING_VERSION = 1.0;
				PRODUCT_BUNDLE_IDENTIFIER = jdagnogo.WeLoveMarathon;
				PRODUCT_NAME = "$(TARGET_NAME)";
				SWIFT_EMIT_LOC_STRINGS = YES;
				SWIFT_VERSION = 5.0;
				TARGETED_DEVICE_FAMILY = "1,2";
			};
			name = Release;
		};
		5784A81D2A5C324D00E8B0F6 /* Debug */ = {
			isa = XCBuildConfiguration;
			buildSettings = {
				ALWAYS_EMBED_SWIFT_STANDARD_LIBRARIES = YES;
				BUNDLE_LOADER = "$(TEST_HOST)";
				CODE_SIGN_STYLE = Automatic;
				CURRENT_PROJECT_VERSION = 1;
				DEVELOPMENT_TEAM = V93KX72733;
				GENERATE_INFOPLIST_FILE = YES;
				IPHONEOS_DEPLOYMENT_TARGET = 16.0;
				MARKETING_VERSION = 1.0;
				PRODUCT_BUNDLE_IDENTIFIER = jdagnogo.WeLoveMarathonTests;
				PRODUCT_NAME = "$(TARGET_NAME)";
				SWIFT_EMIT_LOC_STRINGS = NO;
				SWIFT_VERSION = 5.0;
				TARGETED_DEVICE_FAMILY = "1,2";
				TEST_HOST = "$(BUILT_PRODUCTS_DIR)/WeLoveMarathon.app/$(BUNDLE_EXECUTABLE_FOLDER_PATH)/WeLoveMarathon";
			};
			name = Debug;
		};
		5784A81E2A5C324D00E8B0F6 /* Release */ = {
			isa = XCBuildConfiguration;
			buildSettings = {
				ALWAYS_EMBED_SWIFT_STANDARD_LIBRARIES = YES;
				BUNDLE_LOADER = "$(TEST_HOST)";
				CODE_SIGN_STYLE = Automatic;
				CURRENT_PROJECT_VERSION = 1;
				DEVELOPMENT_TEAM = V93KX72733;
				GENERATE_INFOPLIST_FILE = YES;
				IPHONEOS_DEPLOYMENT_TARGET = 16.0;
				MARKETING_VERSION = 1.0;
				PRODUCT_BUNDLE_IDENTIFIER = jdagnogo.WeLoveMarathonTests;
				PRODUCT_NAME = "$(TARGET_NAME)";
				SWIFT_EMIT_LOC_STRINGS = NO;
				SWIFT_VERSION = 5.0;
				TARGETED_DEVICE_FAMILY = "1,2";
				TEST_HOST = "$(BUILT_PRODUCTS_DIR)/WeLoveMarathon.app/$(BUNDLE_EXECUTABLE_FOLDER_PATH)/WeLoveMarathon";
			};
			name = Release;
		};
		5784A8202A5C324D00E8B0F6 /* Debug */ = {
			isa = XCBuildConfiguration;
			buildSettings = {
				ALWAYS_EMBED_SWIFT_STANDARD_LIBRARIES = YES;
				CODE_SIGN_STYLE = Automatic;
				CURRENT_PROJECT_VERSION = 1;
				DEVELOPMENT_TEAM = V93KX72733;
				GENERATE_INFOPLIST_FILE = YES;
				MARKETING_VERSION = 1.0;
				PRODUCT_BUNDLE_IDENTIFIER = jdagnogo.WeLoveMarathonUITests;
				PRODUCT_NAME = "$(TARGET_NAME)";
				SWIFT_EMIT_LOC_STRINGS = NO;
				SWIFT_VERSION = 5.0;
				TARGETED_DEVICE_FAMILY = "1,2";
				TEST_TARGET_NAME = WeLoveMarathon;
			};
			name = Debug;
		};
		5784A8212A5C324D00E8B0F6 /* Release */ = {
			isa = XCBuildConfiguration;
			buildSettings = {
				ALWAYS_EMBED_SWIFT_STANDARD_LIBRARIES = YES;
				CODE_SIGN_STYLE = Automatic;
				CURRENT_PROJECT_VERSION = 1;
				DEVELOPMENT_TEAM = V93KX72733;
				GENERATE_INFOPLIST_FILE = YES;
				MARKETING_VERSION = 1.0;
				PRODUCT_BUNDLE_IDENTIFIER = jdagnogo.WeLoveMarathonUITests;
				PRODUCT_NAME = "$(TARGET_NAME)";
				SWIFT_EMIT_LOC_STRINGS = NO;
				SWIFT_VERSION = 5.0;
				TARGETED_DEVICE_FAMILY = "1,2";
				TEST_TARGET_NAME = WeLoveMarathon;
			};
			name = Release;
		};
/* End XCBuildConfiguration section */

/* Begin XCConfigurationList section */
		5784A7EB2A5C324C00E8B0F6 /* Build configuration list for PBXProject " " */ = {
			isa = XCConfigurationList;
			buildConfigurations = (
				5784A8172A5C324D00E8B0F6 /* Debug */,
				5784A8182A5C324D00E8B0F6 /* Release */,
			);
			defaultConfigurationIsVisible = 0;
			defaultConfigurationName = Release;
		};
		5784A8192A5C324D00E8B0F6 /* Build configuration list for PBXNativeTarget "WeLoveMarathon" */ = {
			isa = XCConfigurationList;
			buildConfigurations = (
				5784A81A2A5C324D00E8B0F6 /* Debug */,
				5784A81B2A5C324D00E8B0F6 /* Release */,
			);
			defaultConfigurationIsVisible = 0;
			defaultConfigurationName = Release;
		};
		5784A81C2A5C324D00E8B0F6 /* Build configuration list for PBXNativeTarget "WeLoveMarathonTests" */ = {
			isa = XCConfigurationList;
			buildConfigurations = (
				5784A81D2A5C324D00E8B0F6 /* Debug */,
				5784A81E2A5C324D00E8B0F6 /* Release */,
			);
			defaultConfigurationIsVisible = 0;
			defaultConfigurationName = Release;
		};
		5784A81F2A5C324D00E8B0F6 /* Build configuration list for PBXNativeTarget "WeLoveMarathonUITests" */ = {
			isa = XCConfigurationList;
			buildConfigurations = (
				5784A8202A5C324D00E8B0F6 /* Debug */,
				5784A8212A5C324D00E8B0F6 /* Release */,
			);
			defaultConfigurationIsVisible = 0;
			defaultConfigurationName = Release;
		};
/* End XCConfigurationList section */

/* Begin XCRemoteSwiftPackageReference section */
		5711E24C2A7E37AB00F8007A /* XCRemoteSwiftPackageReference "firebase-ios-sdk" */ = {
			isa = XCRemoteSwiftPackageReference;
			repositoryURL = "https://github.com/firebase/firebase-ios-sdk";
			requirement = {
				kind = upToNextMajorVersion;
				minimumVersion = 9.0.0;
			};
		};
/* End XCRemoteSwiftPackageReference section */

/* Begin XCSwiftPackageProductDependency section */
		5711E24D2A7E37AC00F8007A /* FirebaseAnalytics */ = {
			isa = XCSwiftPackageProductDependency;
			package = 5711E24C2A7E37AB00F8007A /* XCRemoteSwiftPackageReference "firebase-ios-sdk" */;
			productName = FirebaseAnalytics;
		};
		5711E24F2A7E37AC00F8007A /* FirebaseAnalyticsSwift */ = {
			isa = XCSwiftPackageProductDependency;
			package = 5711E24C2A7E37AB00F8007A /* XCRemoteSwiftPackageReference "firebase-ios-sdk" */;
			productName = FirebaseAnalyticsSwift;
		};
		5711E2512A7E37AC00F8007A /* FirebaseCrashlytics */ = {
			isa = XCSwiftPackageProductDependency;
			package = 5711E24C2A7E37AB00F8007A /* XCRemoteSwiftPackageReference "firebase-ios-sdk" */;
			productName = FirebaseCrashlytics;
		};
		5711E2532A7E37AC00F8007A /* FirebaseDatabase */ = {
			isa = XCSwiftPackageProductDependency;
			package = 5711E24C2A7E37AB00F8007A /* XCRemoteSwiftPackageReference "firebase-ios-sdk" */;
			productName = FirebaseDatabase;
		};
		5711E2552A7E37AC00F8007A /* FirebaseDatabaseSwift */ = {
			isa = XCSwiftPackageProductDependency;
			package = 5711E24C2A7E37AB00F8007A /* XCRemoteSwiftPackageReference "firebase-ios-sdk" */;
			productName = FirebaseDatabaseSwift;
		};
		5711E2572A7E37AC00F8007A /* FirebaseFirestore */ = {
			isa = XCSwiftPackageProductDependency;
			package = 5711E24C2A7E37AB00F8007A /* XCRemoteSwiftPackageReference "firebase-ios-sdk" */;
			productName = FirebaseFirestore;
		};
		5711E2592A7E37AC00F8007A /* FirebaseFirestoreCombine-Community */ = {
			isa = XCSwiftPackageProductDependency;
			package = 5711E24C2A7E37AB00F8007A /* XCRemoteSwiftPackageReference "firebase-ios-sdk" */;
			productName = "FirebaseFirestoreCombine-Community";
		};
		5711E25B2A7E37AC00F8007A /* FirebaseFirestoreSwift */ = {
			isa = XCSwiftPackageProductDependency;
			package = 5711E24C2A7E37AB00F8007A /* XCRemoteSwiftPackageReference "firebase-ios-sdk" */;
			productName = FirebaseFirestoreSwift;
		};
		5711E25D2A7E37AC00F8007A /* FirebaseStorage */ = {
			isa = XCSwiftPackageProductDependency;
			package = 5711E24C2A7E37AB00F8007A /* XCRemoteSwiftPackageReference "firebase-ios-sdk" */;
			productName = FirebaseStorage;
		};
		5711E25F2A7E37AC00F8007A /* FirebaseStorageCombine-Community */ = {
			isa = XCSwiftPackageProductDependency;
			package = 5711E24C2A7E37AB00F8007A /* XCRemoteSwiftPackageReference "firebase-ios-sdk" */;
			productName = "FirebaseStorageCombine-Community";
		};
/* End XCSwiftPackageProductDependency section */

/* Begin XCVersionGroup section */
		5711E2722A7E6CAB00F8007A /* CoreDataModel.xcdatamodeld */ = {
			isa = XCVersionGroup;
			children = (
				5711E2732A7E6CAB00F8007A /* TipsCoreDataModel.xcdatamodel */,
			);
			currentVersion = 5711E2732A7E6CAB00F8007A /* TipsCoreDataModel.xcdatamodel */;
			path = CoreDataModel.xcdatamodeld;
			sourceTree = "<group>";
			versionGroupType = wrapper.xcdatamodel;
		};
/* End XCVersionGroup section */
	};
	rootObject = 5784A7E82A5C324C00E8B0F6 /* Project object */;
}
